
Microsoft Visual Studio Solution File, Format Version 12.00
# Visual Studio 15
VisualStudioVersion = 15.0.28307.902
MinimumVisualStudioVersion = 10.0.40219.1
Project("{FAE04EC0-301F-11D3-BF4B-00C04F79EFBC}") = "TitleRecognition", "TitleRecognition\TitleRecognition.csproj", "{E32AE0C2-054E-44AA-A5EF-103A01F8A302}"
EndProject
Global
	GlobalSection(SolutionConfigurationPlatforms) = preSolution
		Debug|Any CPU = Debug|Any CPU
		Release|Any CPU = Release|Any CPU
	EndGlobalSection
	GlobalSection(ProjectConfigurationPlatforms) = postSolution
		{E32AE0C2-054E-44AA-A5EF-103A01F8A302}.Debug|Any CPU.ActiveCfg = Debug|x64
		{E32AE0C2-054E-44AA-A5EF-103A01F8A302}.Debug|Any CPU.Build.0 = Debug|x64
		{E32AE0C2-054E-44AA-A5EF-103A01F8A302}.Release|Any CPU.ActiveCfg = Release|Any CPU
		{E32AE0C2-054E-44AA-A5EF-103A01F8A302}.Release|Any CPU.Build.0 = Release|Any CPU
	EndGlobalSection
	GlobalSection(SolutionProperties) = preSolution
		HideSolutionNode = FALSE
	EndGlobalSection
	GlobalSection(ExtensibilityGlobals) = postSolution
		SolutionGuid = {DEB294B8-AEAA-4F0E-A94F-B1E70BE9C2F6}
	EndGlobalSection
EndGlobal
